// !$*UTF8*$!
{
	archiveVersion = 1;
	classes = {
	};
	objectVersion = 48;
	objects = {

/* Begin PBXBuildFile section */
		94A4B1121FF344B0008536EF /* AppDelegate.swift in Sources */ = {isa = PBXBuildFile; fileRef = 94A4B1111FF344B0008536EF /* AppDelegate.swift */; };
		94A4B1141FF344B0008536EF /* ViewController.swift in Sources */ = {isa = PBXBuildFile; fileRef = 94A4B1131FF344B0008536EF /* ViewController.swift */; };
		94A4B1171FF344B0008536EF /* Main.storyboard in Resources */ = {isa = PBXBuildFile; fileRef = 94A4B1151FF344B0008536EF /* Main.storyboard */; };
		94A4B1191FF344B0008536EF /* Assets.xcassets in Resources */ = {isa = PBXBuildFile; fileRef = 94A4B1181FF344B0008536EF /* Assets.xcassets */; };
		94A4B11C1FF344B0008536EF /* LaunchScreen.storyboard in Resources */ = {isa = PBXBuildFile; fileRef = 94A4B11A1FF344B0008536EF /* LaunchScreen.storyboard */; };
		94A4B1251FF3451C008536EF /* MaskView.swift in Sources */ = {isa = PBXBuildFile; fileRef = 94A4B1241FF3451C008536EF /* MaskView.swift */; };
		94A4B1271FF34F61008536EF /* LoadMaskView.swift in Sources */ = {isa = PBXBuildFile; fileRef = 94A4B1261FF34F61008536EF /* LoadMaskView.swift */; };
		94A4B12C1FF372D5008536EF /* mask.png in Resources */ = {isa = PBXBuildFile; fileRef = 94A4B12B1FF372D5008536EF /* mask.png */; };
/* End PBXBuildFile section */

/* Begin PBXFileReference section */
		94A4B10E1FF344B0008536EF /* Mask.app */ = {isa = PBXFileReference; explicitFileType = wrapper.application; includeInIndex = 0; path = Mask.app; sourceTree = BUILT_PRODUCTS_DIR; };
		94A4B1111FF344B0008536EF /* AppDelegate.swift */ = {isa = PBXFileReference; lastKnownFileType = sourcecode.swift; path = AppDelegate.swift; sourceTree = "<group>"; };
		94A4B1131FF344B0008536EF /* ViewController.swift */ = {isa = PBXFileReference; lastKnownFileType = sourcecode.swift; path = ViewController.swift; sourceTree = "<group>"; };
		94A4B1161FF344B0008536EF /* Base */ = {isa = PBXFileReference; lastKnownFileType = file.storyboard; name = Base; path = Base.lproj/Main.storyboard; sourceTree = "<group>"; };
		94A4B1181FF344B0008536EF /* Assets.xcassets */ = {isa = PBXFileReference; lastKnownFileType = folder.assetcatalog; path = Assets.xcassets; sourceTree = "<group>"; };
		94A4B11B1FF344B0008536EF /* Base */ = {isa = PBXFileReference; lastKnownFileType = file.storyboard; name = Base; path = Base.lproj/LaunchScreen.storyboard; sourceTree = "<group>"; };
		94A4B11D1FF344B0008536EF /* Info.plist */ = {isa = PBXFileReference; lastKnownFileType = text.plist.xml; path = Info.plist; sourceTree = "<group>"; };
		94A4B1241FF3451C008536EF /* MaskView.swift */ = {isa = PBXFileReference; lastKnownFileType = sourcecode.swift; path = MaskView.swift; sourceTree = "<group>"; };
		94A4B1261FF34F61008536EF /* LoadMaskView.swift */ = {isa = PBXFileReference; lastKnownFileType = sourcecode.swift; path = LoadMaskView.swift; sourceTree = "<group>"; };
		94A4B12B1FF372D5008536EF /* mask.png */ = {isa = PBXFileReference; lastKnownFileType = image.png; path = mask.png; sourceTree = "<group>"; };
/* End PBXFileReference section */

/* Begin PBXFrameworksBuildPhase section */
		94A4B10B1FF344B0008536EF /* Frameworks */ = {
			isa = PBXFrameworksBuildPhase;
			buildActionMask = 2147483647;
			files = (
			);
			runOnlyForDeploymentPostprocessing = 0;
		};
/* End PBXFrameworksBuildPhase section */

/* Begin PBXGroup section */
		94A4B1051FF344B0008536EF = {
			isa = PBXGroup;
			children = (
				94A4B1101FF344B0008536EF /* Mask */,
				94A4B10F1FF344B0008536EF /* Products */,
			);
			sourceTree = "<group>";
		};
		94A4B10F1FF344B0008536EF /* Products */ = {
			isa = PBXGroup;
			children = (
				94A4B10E1FF344B0008536EF /* Mask.app */,
			);
			name = Products;
			sourceTree = "<group>";
		};
		94A4B1101FF344B0008536EF /* Mask */ = {
			isa = PBXGroup;
			children = (
				94A4B12A1FF372C3008536EF /* Image */,
				94A4B1231FF344F2008536EF /* Code */,
				94A4B1111FF344B0008536EF /* AppDelegate.swift */,
				94A4B1131FF344B0008536EF /* ViewController.swift */,
				94A4B1151FF344B0008536EF /* Main.storyboard */,
				94A4B1181FF344B0008536EF /* Assets.xcassets */,
				94A4B11A1FF344B0008536EF /* LaunchScreen.storyboard */,
				94A4B11D1FF344B0008536EF /* Info.plist */,
			);
			path = Mask;
			sourceTree = "<group>";
		};
		94A4B1231FF344F2008536EF /* Code */ = {
			isa = PBXGroup;
			children = (
				94A4B1241FF3451C008536EF /* MaskView.swift */,
				94A4B1261FF34F61008536EF /* LoadMaskView.swift */,
			);
			path = Code;
			sourceTree = "<group>";
		};
		94A4B12A1FF372C3008536EF /* Image */ = {
			isa = PBXGroup;
			children = (
				94A4B12B1FF372D5008536EF /* mask.png */,
			);
			path = Image;
			sourceTree = "<group>";
		};
/* End PBXGroup section */

/* Begin PBXNativeTarget section */
		94A4B10D1FF344B0008536EF /* Mask */ = {
			isa = PBXNativeTarget;
			buildConfigurationList = 94A4B1201FF344B0008536EF /* Build configuration list for PBXNativeTarget "Mask" */;
			buildPhases = (
				94A4B10A1FF344B0008536EF /* Sources */,
				94A4B10B1FF344B0008536EF /* Frameworks */,
				94A4B10C1FF344B0008536EF /* Resources */,
			);
			buildRules = (
			);
			dependencies = (
			);
			name = Mask;
			productName = Mask;
			productReference = 94A4B10E1FF344B0008536EF /* Mask.app */;
			productType = "com.apple.product-type.application";
		};
/* End PBXNativeTarget section */

/* Begin PBXProject section */
		94A4B1061FF344B0008536EF /* Project object */ = {
			isa = PBXProject;
			attributes = {
				LastSwiftUpdateCheck = 0920;
				LastUpgradeCheck = 0920;
				ORGANIZATIONNAME = wu;
				TargetAttributes = {
					94A4B10D1FF344B0008536EF = {
						CreatedOnToolsVersion = 9.2;
						ProvisioningStyle = Automatic;
					};
				};
			};
			buildConfigurationList = 94A4B1091FF344B0008536EF /* Build configuration list for PBXProject "Mask" */;
			compatibilityVersion = "Xcode 8.0";
			developmentRegion = en;
			hasScannedForEncodings = 0;
			knownRegions = (
				en,
				Base,
			);
			mainGroup = 94A4B1051FF344B0008536EF;
			productRefGroup = 94A4B10F1FF344B0008536EF /* Products */;
			projectDirPath = "";
			projectRoot = "";
			targets = (
				94A4B10D1FF344B0008536EF /* Mask */,
			);
		};
/* End PBXProject section */

/* Begin PBXResourcesBuildPhase section */
		94A4B10C1FF344B0008536EF /* Resources */ = {
			isa = PBXResourcesBuildPhase;
			buildActionMask = 2147483647;
			files = (
				94A4B11C1FF344B0008536EF /* LaunchScreen.storyboard in Resources */,
				94A4B1191FF344B0008536EF /* Assets.xcassets in Resources */,
				94A4B1171FF344B0008536EF /* Main.storyboard in Resources */,
				94A4B12C1FF372D5008536EF /* mask.png in Resources */,
			);
			runOnlyForDeploymentPostprocessing = 0;
		};
/* End PBXResourcesBuildPhase section */

/* Begin PBXSourcesBuildPhase section */
		94A4B10A1FF344B0008536EF /* Sources */ = {
			isa = PBXSourcesBuildPhase;
			buildActionMask = 2147483647;
			files = (
				94A4B1271FF34F61008536EF /* LoadMaskView.swift in Sources */,
				94A4B1141FF344B0008536EF /* ViewController.swift in Sources */,
				94A4B1121FF344B0008536EF /* AppDelegate.swift in Sources */,
				94A4B1251FF3451C008536EF /* MaskView.swift in Sources */,
			);
			runOnlyForDeploymentPostprocessing = 0;
		};
/* End PBXSourcesBuildPhase section */

/* Begin PBXVariantGroup section */
		94A4B1151FF344B0008536EF /* Main.storyboard */ = {
			isa = PBXVariantGroup;
			children = (
				94A4B1161FF344B0008536EF /* Base */,
			);
			name = Main.storyboard;
			sourceTree = "<group>";
		};
		94A4B11A1FF344B0008536EF /* LaunchScreen.storyboard */ = {
			isa = PBXVariantGroup;
			children = (
				94A4B11B1FF344B0008536EF /* Base */,
			);
			name = LaunchScreen.storyboard;
			sourceTree = "<group>";
		};
/* End PBXVariantGroup section */

/* Begin XCBuildConfiguration section */
		94A4B11E1FF344B0008536EF /* Debug */ = {
			isa = XCBuildConfiguration;
			buildSettings = {
				ALWAYS_SEARCH_USER_PATHS = NO;
				CLANG_ANALYZER_NONNULL = YES;
				CLANG_ANALYZER_NUMBER_OBJECT_CONVERSION = YES_AGGRESSIVE;
				CLANG_CXX_LANGUAGE_STANDARD = "gnu++14";
				CLANG_CXX_LIBRARY = "libc++";
				CLANG_ENABLE_MODULES = YES;
				CLANG_ENABLE_OBJC_ARC = YES;
				CLANG_WARN_BLOCK_CAPTURE_AUTORELEASING = YES;
				CLANG_WARN_BOOL_CONVERSION = YES;
				CLANG_WARN_COMMA = YES;
				CLANG_WARN_CONSTANT_CONVERSION = YES;
				CLANG_WARN_DIRECT_OBJC_ISA_USAGE = YES_ERROR;
				CLANG_WARN_DOCUMENTATION_COMMENTS = YES;
				CLANG_WARN_EMPTY_BODY = YES;
				CLANG_WARN_ENUM_CONVERSION = YES;
				CLANG_WARN_INFINITE_RECURSION = YES;
				CLANG_WARN_INT_CONVERSION = YES;
				CLANG_WARN_NON_LITERAL_NULL_CONVERSION = YES;
				CLANG_WARN_OBJC_LITERAL_CONVERSION = YES;
				CLANG_WARN_OBJC_ROOT_CLASS = YES_ERROR;
				CLANG_WARN_RANGE_LOOP_ANALYSIS = YES;
				CLANG_WARN_STRICT_PROTOTYPES = YES;
				CLANG_WARN_SUSPICIOUS_MOVE = YES;
				CLANG_WARN_UNGUARDED_AVAILABILITY = YES_AGGRESSIVE;
				CLANG_WARN_UNREACHABLE_CODE = YES;
				CLANG_WARN__DUPLICATE_METHOD_MATCH = YES;
				CODE_SIGN_IDENTITY = "iPhone Developer";
				COPY_PHASE_STRIP = NO;
				DEBUG_INFORMATION_FORMAT = dwarf;
				ENABLE_STRICT_OBJC_MSGSEND = YES;
				ENABLE_TESTABILITY = YES;
				GCC_C_LANGUAGE_STANDARD = gnu11;
				GCC_DYNAMIC_NO_PIC = NO;
				GCC_NO_COMMON_BLOCKS = YES;
				GCC_OPTIMIZATION_LEVEL = 0;
				GCC_PREPROCESSOR_DEFINITIONS = (
					"DEBUG=1",
					"$(inherited)",
				);
				GCC_WARN_64_TO_32_BIT_CONVERSION = YES;
				GCC_WARN_ABOUT_RETURN_TYPE = YES_ERROR;
				GCC_WARN_UNDECLARED_SELECTOR = YES;
				GCC_WARN_UNINITIALIZED_AUTOS = YES_AGGRESSIVE;
				GCC_WARN_UNUSED_FUNCTION = YES;
				GCC_WARN_UNUSED_VARIABLE = YES;
				IPHONEOS_DEPLOYMENT_TARGET = 11.2;
				MTL_ENABLE_DEBUG_INFO = YES;
				ONLY_ACTIVE_ARCH = YES;
				SDKROOT = iphoneos;
				SWIFT_ACTIVE_COMPILATION_CONDITIONS = DEBUG;
				SWIFT_OPTIMIZATION_LEVEL = "-Onone";
			};
			name = Debug;
		};
		94A4B11F1FF344B0008536EF /* Release */ = {
			isa = XCBuildConfiguration;
			buildSettings = {
				ALWAYS_SEARCH_USER_PATHS = NO;
				CLANG_ANALYZER_NONNULL = YES;
				CLANG_ANALYZER_NUMBER_OBJECT_CONVERSION = YES_AGGRESSIVE;
				CLANG_CXX_LANGUAGE_STANDARD = "gnu++14";
				CLANG_CXX_LIBRARY = "libc++";
				CLANG_ENABLE_MODULES = YES;
				CLANG_ENABLE_OBJC_ARC = YES;
				CLANG_WARN_BLOCK_CAPTURE_AUTORELEASING = YES;
				CLANG_WARN_BOOL_CONVERSION = YES;
				CLANG_WARN_COMMA = YES;
				CLANG_WARN_CONSTANT_CONVERSION = YES;
				CLANG_WARN_DIRECT_OBJC_ISA_USAGE = YES_ERROR;
				CLANG_WARN_DOCUMENTATION_COMMENTS = YES;
				CLANG_WARN_EMPTY_BODY = YES;
				CLANG_WARN_ENUM_CONVERSION = YES;
				CLANG_WARN_INFINITE_RECURSION = YES;
				CLANG_WARN_INT_CONVERSION = YES;
				CLANG_WARN_NON_LITERAL_NULL_CONVERSION = YES;
				CLANG_WARN_OBJC_LITERAL_CONVERSION = YES;
				CLANG_WARN_OBJC_ROOT_CLASS = YES_ERROR;
				CLANG_WARN_RANGE_LOOP_ANALYSIS = YES;
				CLANG_WARN_STRICT_PROTOTYPES = YES;
				CLANG_WARN_SUSPICIOUS_MOVE = YES;
				CLANG_WARN_UNGUARDED_AVAILABILITY = YES_AGGRESSIVE;
				CLANG_WARN_UNREACHABLE_CODE = YES;
				CLANG_WARN__DUPLICATE_METHOD_MATCH = YES;
				CODE_SIGN_IDENTITY = "iPhone Developer";
				COPY_PHASE_STRIP = NO;
				DEBUG_INFORMATION_FORMAT = "dwarf-with-dsym";
				ENABLE_NS_ASSERTIONS = NO;
				ENABLE_STRICT_OBJC_MSGSEND = YES;
				GCC_C_LANGUAGE_STANDARD = gnu11;
				GCC_NO_COMMON_BLOCKS = YES;
				GCC_WARN_64_TO_32_BIT_CONVERSION = YES;
				GCC_WARN_ABOUT_RETURN_TYPE = YES_ERROR;
				GCC_WARN_UNDECLARED_SELECTOR = YES;
				GCC_WARN_UNINITIALIZED_AUTOS = YES_AGGRESSIVE;
				GCC_WARN_UNUSED_FUNCTION = YES;
				GCC_WARN_UNUSED_VARIABLE = YES;
				IPHONEOS_DEPLOYMENT_TARGET = 11.2;
				MTL_ENABLE_DEBUG_INFO = NO;
				SDKROOT = iphoneos;
				SWIFT_OPTIMIZATION_LEVEL = "-Owholemodule";
				VALIDATE_PRODUCT = YES;
			};
			name = Release;
		};
		94A4B1211FF344B0008536EF /* Debug */ = {
			isa = XCBuildConfiguration;
			buildSettings = {
				ASSETCATALOG_COMPILER_APPICON_NAME = AppIcon;
				CODE_SIGN_STYLE = Automatic;
				DEVELOPMENT_TEAM = L42232Q7MV;
				INFOPLIST_FILE = Mask/Info.plist;
				IPHONEOS_DEPLOYMENT_TARGET = 8.0;
				LD_RUNPATH_SEARCH_PATHS = "$(inherited) @executable_path/Frameworks";
				PRODUCT_BUNDLE_IDENTIFIER = Mask66;
				PRODUCT_NAME = "$(TARGET_NAME)";
				SWIFT_VERSION = 4.0;
				TARGETED_DEVICE_FAMILY = "1,2";
			};
			name = Debug;
		};
		94A4B1221FF344B0008536EF /* Release */ = {
			isa = XCBuildConfiguration;
			buildSettings = {
				ASSETCATALOG_COMPILER_APPICON_NAME = AppIcon;
				CODE_SIGN_STYLE = Automatic;
				DEVELOPMENT_TEAM = L42232Q7MV;
				INFOPLIST_FILE = Mask/Info.plist;
				IPHONEOS_DEPLOYMENT_TARGET = 8.0;
				LD_RUNPATH_SEARCH_PATHS = "$(inherited) @executable_path/Frameworks";
				PRODUCT_BUNDLE_IDENTIFIER = Mask66;
				PRODUCT_NAME = "$(TARGET_NAME)";
				SWIFT_VERSION = 4.0;
				TARGETED_DEVICE_FAMILY = "1,2";
			};
			name = Release;
		};
/* End XCBuildConfiguration section */

/* Begin XCConfigurationList section */
		94A4B1091FF344B0008536EF /* Build configuration list for PBXProject "Mask" */ = {
			isa = XCConfigurationList;
			buildConfigurations = (
				94A4B11E1FF344B0008536EF /* Debug */,
				94A4B11F1FF344B0008536EF /* Release */,
			);
			defaultConfigurationIsVisible = 0;
			defaultConfigurationName = Release;
		};
		94A4B1201FF344B0008536EF /* Build configuration list for PBXNativeTarget "Mask" */ = {
			isa = XCConfigurationList;
			buildConfigurations = (
				94A4B1211FF344B0008536EF /* Debug */,
				94A4B1221FF344B0008536EF /* Release */,
			);
			defaultConfigurationIsVisible = 0;
			defaultConfigurationName = Release;
		};
/* End XCConfigurationList section */
	};
	rootObject = 94A4B1061FF344B0008536EF /* Project object */;
}
